
Microsoft Visual Studio Solution File, Format Version 12.00
# Visual Studio Version 17
VisualStudioVersion = 17.13.35931.197 d17.13
MinimumVisualStudioVersion = 10.0.40219.1
Project("{FAE04EC0-301F-11D3-BF4B-00C04F79EFBC}") = "redmax", "redmax.csproj", "{20CA4803-2F80-4B09-B31F-4E9ACEAE15BC}"
EndProject
Global
	GlobalSection(SolutionConfigurationPlatforms) = preSolution
		Debug|Any CPU = Debug|Any CPU
		Release|Any CPU = Release|Any CPU
	EndGlobalSection
	GlobalSection(ProjectConfigurationPlatforms) = postSolution
		{20CA4803-2F80-4B09-B31F-4E9ACEAE15BC}.Debug|Any CPU.ActiveCfg = Debug|Any CPU
		{20CA4803-2F80-4B09-B31F-4E9ACEAE15BC}.Debug|Any CPU.Build.0 = Debug|Any CPU
		{20CA4803-2F80-4B09-B31F-4E9ACEAE15BC}.Release|Any CPU.ActiveCfg = Release|Any CPU
		{20CA4803-2F80-4B09-B31F-4E9ACEAE15BC}.Release|Any CPU.Build.0 = Release|Any CPU
	EndGlobalSection
	GlobalSection(SolutionProperties) = preSolution
		HideSolutionNode = FALSE
	EndGlobalSection
	GlobalSection(ExtensibilityGlobals) = postSolution
		SolutionGuid = {C02B1B0A-F48B-4B89-A1B1-40B77183752C}
	EndGlobalSection
EndGlobal
